
Microsoft Visual Studio Solution File, Format Version 12.00
# Visual Studio 2012
Project("{FAE04EC0-301F-11D3-BF4B-00C04F79EFBC}") = "MvcApplication_cookie", "MvcApplication_cookie\MvcApplication_cookie.csproj", "{A759960E-7852-4EA1-83A7-6175380ECF74}"
EndProject
Global
	GlobalSection(SolutionConfigurationPlatforms) = preSolution
		Debug|Any CPU = Debug|Any CPU
		Release|Any CPU = Release|Any CPU
	EndGlobalSection
	GlobalSection(ProjectConfigurationPlatforms) = postSolution
		{A759960E-7852-4EA1-83A7-6175380ECF74}.Debug|Any CPU.ActiveCfg = Debug|Any CPU
		{A759960E-7852-4EA1-83A7-6175380ECF74}.Debug|Any CPU.Build.0 = Debug|Any CPU
		{A759960E-7852-4EA1-83A7-6175380ECF74}.Release|Any CPU.ActiveCfg = Release|Any CPU
		{A759960E-7852-4EA1-83A7-6175380ECF74}.Release|Any CPU.Build.0 = Release|Any CPU
	EndGlobalSection
	GlobalSection(SolutionProperties) = preSolution
		HideSolutionNode = FALSE
	EndGlobalSection
EndGlobal
