
Microsoft Visual Studio Solution File, Format Version 12.00
# Visual Studio 2012
Project("{FAE04EC0-301F-11D3-BF4B-00C04F79EFBC}") = "MvcApplication3", "MvcApplication3\MvcApplication3.csproj", "{FFB9D530-861F-451D-B836-12145F280329}"
EndProject
Global
	GlobalSection(SolutionConfigurationPlatforms) = preSolution
		Debug|Any CPU = Debug|Any CPU
		Release|Any CPU = Release|Any CPU
	EndGlobalSection
	GlobalSection(ProjectConfigurationPlatforms) = postSolution
		{FFB9D530-861F-451D-B836-12145F280329}.Debug|Any CPU.ActiveCfg = Debug|Any CPU
		{FFB9D530-861F-451D-B836-12145F280329}.Debug|Any CPU.Build.0 = Debug|Any CPU
		{FFB9D530-861F-451D-B836-12145F280329}.Release|Any CPU.ActiveCfg = Release|Any CPU
		{FFB9D530-861F-451D-B836-12145F280329}.Release|Any CPU.Build.0 = Release|Any CPU
	EndGlobalSection
	GlobalSection(SolutionProperties) = preSolution
		HideSolutionNode = FALSE
	EndGlobalSection
EndGlobal
